
Microsoft Visual Studio Solution File, Format Version 12.00
# Visual Studio 15
VisualStudioVersion = 15.0.28307.106
MinimumVisualStudioVersion = 10.0.40219.1
Project("{8BC9CEB8-8B4A-11D0-8D11-00A0C91BC942}") = "NetService", "NetService\NetService.vcxproj", "{5A39A7D6-9A31-493B-956A-B161FE2A6C98}"
	ProjectSection(ProjectDependencies) = postProject
		{F3CA615D-F136-4914-ACC4-3F384CA5722A} = {F3CA615D-F136-4914-ACC4-3F384CA5722A}
	EndProjectSection
EndProject
Project("{8BC9CEB8-8B4A-11D0-8D11-00A0C91BC942}") = "TCPService", "TCPService\TCPService.vcxproj", "{F3CA615D-F136-4914-ACC4-3F384CA5722A}"
EndProject
Global
	GlobalSection(SolutionConfigurationPlatforms) = preSolution
		Debug|x64 = Debug|x64
		Debug|x86 = Debug|x86
		Release|x64 = Release|x64
		Release|x86 = Release|x86
	EndGlobalSection
	GlobalSection(ProjectConfigurationPlatforms) = postSolution
		{5A39A7D6-9A31-493B-956A-B161FE2A6C98}.Debug|x64.ActiveCfg = Debug|x64
		{5A39A7D6-9A31-493B-956A-B161FE2A6C98}.Debug|x64.Build.0 = Debug|x64
		{5A39A7D6-9A31-493B-956A-B161FE2A6C98}.Debug|x86.ActiveCfg = Debug|Win32
		{5A39A7D6-9A31-493B-956A-B161FE2A6C98}.Debug|x86.Build.0 = Debug|Win32
		{5A39A7D6-9A31-493B-956A-B161FE2A6C98}.Release|x64.ActiveCfg = Release|x64
		{5A39A7D6-9A31-493B-956A-B161FE2A6C98}.Release|x64.Build.0 = Release|x64
		{5A39A7D6-9A31-493B-956A-B161FE2A6C98}.Release|x86.ActiveCfg = Release|Win32
		{5A39A7D6-9A31-493B-956A-B161FE2A6C98}.Release|x86.Build.0 = Release|Win32
		{F3CA615D-F136-4914-ACC4-3F384CA5722A}.Debug|x64.ActiveCfg = Debug|x64
		{F3CA615D-F136-4914-ACC4-3F384CA5722A}.Debug|x64.Build.0 = Debug|x64
		{F3CA615D-F136-4914-ACC4-3F384CA5722A}.Debug|x86.ActiveCfg = Debug|Win32
		{F3CA615D-F136-4914-ACC4-3F384CA5722A}.Debug|x86.Build.0 = Debug|Win32
		{F3CA615D-F136-4914-ACC4-3F384CA5722A}.Release|x64.ActiveCfg = Release|x64
		{F3CA615D-F136-4914-ACC4-3F384CA5722A}.Release|x64.Build.0 = Release|x64
		{F3CA615D-F136-4914-ACC4-3F384CA5722A}.Release|x86.ActiveCfg = Release|Win32
		{F3CA615D-F136-4914-ACC4-3F384CA5722A}.Release|x86.Build.0 = Release|Win32
	EndGlobalSection
	GlobalSection(SolutionProperties) = preSolution
		HideSolutionNode = FALSE
	EndGlobalSection
	GlobalSection(ExtensibilityGlobals) = postSolution
		SolutionGuid = {E5E40507-2CBB-4BAD-A419-928449869921}
	EndGlobalSection
EndGlobal
